// !$*UTF8*$!
{
	archiveVersion = 1;
	classes = {
	};
	objectVersion = 46;
	objects = {

/* Begin PBXBuildFile section */
		4273475C1AF1979A00F463D0 /* AppDelegate.swift in Sources */ = {isa = PBXBuildFile; fileRef = 4273475B1AF1979A00F463D0 /* AppDelegate.swift */; };
		4273475E1AF1979A00F463D0 /* ViewController.swift in Sources */ = {isa = PBXBuildFile; fileRef = 4273475D1AF1979A00F463D0 /* ViewController.swift */; };
		427347611AF1979A00F463D0 /* Main.storyboard in Resources */ = {isa = PBXBuildFile; fileRef = 4273475F1AF1979A00F463D0 /* Main.storyboard */; };
		427347631AF1979A00F463D0 /* Images.xcassets in Resources */ = {isa = PBXBuildFile; fileRef = 427347621AF1979A00F463D0 /* Images.xcassets */; };
		427347661AF1979A00F463D0 /* LaunchScreen.xib in Resources */ = {isa = PBXBuildFile; fileRef = 427347641AF1979A00F463D0 /* LaunchScreen.xib */; };
		427347721AF1979A00F463D0 /* OrbitTests.swift in Sources */ = {isa = PBXBuildFile; fileRef = 427347711AF1979A00F463D0 /* OrbitTests.swift */; };
/* End PBXBuildFile section */

/* Begin PBXContainerItemProxy section */
		4273476C1AF1979A00F463D0 /* PBXContainerItemProxy */ = {
			isa = PBXContainerItemProxy;
			containerPortal = 4273474E1AF1979A00F463D0 /* Project object */;
			proxyType = 1;
			remoteGlobalIDString = 427347551AF1979A00F463D0;
			remoteInfo = Orbit;
		};
/* End PBXContainerItemProxy section */

/* Begin PBXFileReference section */
		427347561AF1979A00F463D0 /* Orbit.app */ = {isa = PBXFileReference; explicitFileType = wrapper.application; includeInIndex = 0; path = Orbit.app; sourceTree = BUILT_PRODUCTS_DIR; };
		4273475A1AF1979A00F463D0 /* Info.plist */ = {isa = PBXFileReference; lastKnownFileType = text.plist.xml; path = Info.plist; sourceTree = "<group>"; };
		4273475B1AF1979A00F463D0 /* AppDelegate.swift */ = {isa = PBXFileReference; lastKnownFileType = sourcecode.swift; path = AppDelegate.swift; sourceTree = "<group>"; };
		4273475D1AF1979A00F463D0 /* ViewController.swift */ = {isa = PBXFileReference; lastKnownFileType = sourcecode.swift; path = ViewController.swift; sourceTree = "<group>"; };
		427347601AF1979A00F463D0 /* Base */ = {isa = PBXFileReference; lastKnownFileType = file.storyboard; name = Base; path = Base.lproj/Main.storyboard; sourceTree = "<group>"; };
		427347621AF1979A00F463D0 /* Images.xcassets */ = {isa = PBXFileReference; lastKnownFileType = folder.assetcatalog; path = Images.xcassets; sourceTree = "<group>"; };
		427347651AF1979A00F463D0 /* Base */ = {isa = PBXFileReference; lastKnownFileType = file.xib; name = Base; path = Base.lproj/LaunchScreen.xib; sourceTree = "<group>"; };
		4273476B1AF1979A00F463D0 /* OrbitTests.xctest */ = {isa = PBXFileReference; explicitFileType = wrapper.cfbundle; includeInIndex = 0; path = OrbitTests.xctest; sourceTree = BUILT_PRODUCTS_DIR; };
		427347701AF1979A00F463D0 /* Info.plist */ = {isa = PBXFileReference; lastKnownFileType = text.plist.xml; path = Info.plist; sourceTree = "<group>"; };
		427347711AF1979A00F463D0 /* OrbitTests.swift */ = {isa = PBXFileReference; lastKnownFileType = sourcecode.swift; path = OrbitTests.swift; sourceTree = "<group>"; };
/* End PBXFileReference section */

/* Begin PBXFrameworksBuildPhase section */
		427347531AF1979A00F463D0 /* Frameworks */ = {
			isa = PBXFrameworksBuildPhase;
			buildActionMask = 2147483647;
			files = (
			);
			runOnlyForDeploymentPostprocessing = 0;
		};
		427347681AF1979A00F463D0 /* Frameworks */ = {
			isa = PBXFrameworksBuildPhase;
			buildActionMask = 2147483647;
			files = (
			);
			runOnlyForDeploymentPostprocessing = 0;
		};
/* End PBXFrameworksBuildPhase section */

/* Begin PBXGroup section */
		4273474D1AF1979A00F463D0 = {
			isa = PBXGroup;
			children = (
				427347581AF1979A00F463D0 /* Orbit */,
				4273476E1AF1979A00F463D0 /* OrbitTests */,
				427347571AF1979A00F463D0 /* Products */,
			);
			sourceTree = "<group>";
		};
		427347571AF1979A00F463D0 /* Products */ = {
			isa = PBXGroup;
			children = (
				427347561AF1979A00F463D0 /* Orbit.app */,
				4273476B1AF1979A00F463D0 /* OrbitTests.xctest */,
			);
			name = Products;
			sourceTree = "<group>";
		};
		427347581AF1979A00F463D0 /* Orbit */ = {
			isa = PBXGroup;
			children = (
				4273475B1AF1979A00F463D0 /* AppDelegate.swift */,
				4273475D1AF1979A00F463D0 /* ViewController.swift */,
				4273475F1AF1979A00F463D0 /* Main.storyboard */,
				427347621AF1979A00F463D0 /* Images.xcassets */,
				427347641AF1979A00F463D0 /* LaunchScreen.xib */,
				427347591AF1979A00F463D0 /* Supporting Files */,
			);
			path = Orbit;
			sourceTree = "<group>";
		};
		427347591AF1979A00F463D0 /* Supporting Files */ = {
			isa = PBXGroup;
			children = (
				4273475A1AF1979A00F463D0 /* Info.plist */,
			);
			name = "Supporting Files";
			sourceTree = "<group>";
		};
		4273476E1AF1979A00F463D0 /* OrbitTests */ = {
			isa = PBXGroup;
			children = (
				427347711AF1979A00F463D0 /* OrbitTests.swift */,
				4273476F1AF1979A00F463D0 /* Supporting Files */,
			);
			path = OrbitTests;
			sourceTree = "<group>";
		};
		4273476F1AF1979A00F463D0 /* Supporting Files */ = {
			isa = PBXGroup;
			children = (
				427347701AF1979A00F463D0 /* Info.plist */,
			);
			name = "Supporting Files";
			sourceTree = "<group>";
		};
/* End PBXGroup section */

/* Begin PBXNativeTarget section */
		427347551AF1979A00F463D0 /* Orbit */ = {
			isa = PBXNativeTarget;
			buildConfigurationList = 427347751AF1979A00F463D0 /* Build configuration list for PBXNativeTarget "Orbit" */;
			buildPhases = (
				427347521AF1979A00F463D0 /* Sources */,
				427347531AF1979A00F463D0 /* Frameworks */,
				427347541AF1979A00F463D0 /* Resources */,
			);
			buildRules = (
			);
			dependencies = (
			);
			name = Orbit;
			productName = Orbit;
			productReference = 427347561AF1979A00F463D0 /* Orbit.app */;
			productType = "com.apple.product-type.application";
		};
		4273476A1AF1979A00F463D0 /* OrbitTests */ = {
			isa = PBXNativeTarget;
			buildConfigurationList = 427347781AF1979A00F463D0 /* Build configuration list for PBXNativeTarget "OrbitTests" */;
			buildPhases = (
				427347671AF1979A00F463D0 /* Sources */,
				427347681AF1979A00F463D0 /* Frameworks */,
				427347691AF1979A00F463D0 /* Resources */,
			);
			buildRules = (
			);
			dependencies = (
				4273476D1AF1979A00F463D0 /* PBXTargetDependency */,
			);
			name = OrbitTests;
			productName = OrbitTests;
			productReference = 4273476B1AF1979A00F463D0 /* OrbitTests.xctest */;
			productType = "com.apple.product-type.bundle.unit-test";
		};
/* End PBXNativeTarget section */

/* Begin PBXProject section */
		4273474E1AF1979A00F463D0 /* Project object */ = {
			isa = PBXProject;
			attributes = {
				LastUpgradeCheck = 0630;
				ORGANIZATIONNAME = "Jonathan Sahoo";
				TargetAttributes = {
					427347551AF1979A00F463D0 = {
						CreatedOnToolsVersion = 6.3.1;
					};
					4273476A1AF1979A00F463D0 = {
						CreatedOnToolsVersion = 6.3.1;
						TestTargetID = 427347551AF1979A00F463D0;
					};
				};
			};
			buildConfigurationList = 427347511AF1979A00F463D0 /* Build configuration list for PBXProject "Orbit" */;
			compatibilityVersion = "Xcode 3.2";
			developmentRegion = English;
			hasScannedForEncodings = 0;
			knownRegions = (
				en,
				Base,
			);
			mainGroup = 4273474D1AF1979A00F463D0;
			productRefGroup = 427347571AF1979A00F463D0 /* Products */;
			projectDirPath = "";
			projectRoot = "";
			targets = (
				427347551AF1979A00F463D0 /* Orbit */,
				4273476A1AF1979A00F463D0 /* OrbitTests */,
			);
		};
/* End PBXProject section */

/* Begin PBXResourcesBuildPhase section */
		427347541AF1979A00F463D0 /* Resources */ = {
			isa = PBXResourcesBuildPhase;
			buildActionMask = 2147483647;
			files = (
				427347611AF1979A00F463D0 /* Main.storyboard in Resources */,
				427347661AF1979A00F463D0 /* LaunchScreen.xib in Resources */,
				427347631AF1979A00F463D0 /* Images.xcassets in Resources */,
			);
			runOnlyForDeploymentPostprocessing = 0;
		};
		427347691AF1979A00F463D0 /* Resources */ = {
			isa = PBXResourcesBuildPhase;
			buildActionMask = 2147483647;
			files = (
			);
			runOnlyForDeploymentPostprocessing = 0;
		};
/* End PBXResourcesBuildPhase section */

/* Begin PBXSourcesBuildPhase section */
		427347521AF1979A00F463D0 /* Sources */ = {
			isa = PBXSourcesBuildPhase;
			buildActionMask = 2147483647;
			files = (
				4273475E1AF1979A00F463D0 /* ViewController.swift in Sources */,
				4273475C1AF1979A00F463D0 /* AppDelegate.swift in Sources */,
			);
			runOnlyForDeploymentPostprocessing = 0;
		};
		427347671AF1979A00F463D0 /* Sources */ = {
			isa = PBXSourcesBuildPhase;
			buildActionMask = 2147483647;
			files = (
				427347721AF1979A00F463D0 /* OrbitTests.swift in Sources */,
			);
			runOnlyForDeploymentPostprocessing = 0;
		};
/* End PBXSourcesBuildPhase section */

/* Begin PBXTargetDependency section */
		4273476D1AF1979A00F463D0 /* PBXTargetDependency */ = {
			isa = PBXTargetDependency;
			target = 427347551AF1979A00F463D0 /* Orbit */;
			targetProxy = 4273476C1AF1979A00F463D0 /* PBXContainerItemProxy */;
		};
/* End PBXTargetDependency section */

/* Begin PBXVariantGroup section */
		4273475F1AF1979A00F463D0 /* Main.storyboard */ = {
			isa = PBXVariantGroup;
			children = (
				427347601AF1979A00F463D0 /* Base */,
			);
			name = Main.storyboard;
			sourceTree = "<group>";
		};
		427347641AF1979A00F463D0 /* LaunchScreen.xib */ = {
			isa = PBXVariantGroup;
			children = (
				427347651AF1979A00F463D0 /* Base */,
			);
			name = LaunchScreen.xib;
			sourceTree = "<group>";
		};
/* End PBXVariantGroup section */

/* Begin XCBuildConfiguration section */
		427347731AF1979A00F463D0 /* Debug */ = {
			isa = XCBuildConfiguration;
			buildSettings = {
				ALWAYS_SEARCH_USER_PATHS = NO;
				CLANG_CXX_LANGUAGE_STANDARD = "gnu++0x";
				CLANG_CXX_LIBRARY = "libc++";
				CLANG_ENABLE_MODULES = YES;
				CLANG_ENABLE_OBJC_ARC = YES;
				CLANG_WARN_BOOL_CONVERSION = YES;
				CLANG_WARN_CONSTANT_CONVERSION = YES;
				CLANG_WARN_DIRECT_OBJC_ISA_USAGE = YES_ERROR;
				CLANG_WARN_EMPTY_BODY = YES;
				CLANG_WARN_ENUM_CONVERSION = YES;
				CLANG_WARN_INT_CONVERSION = YES;
				CLANG_WARN_OBJC_ROOT_CLASS = YES_ERROR;
				CLANG_WARN_UNREACHABLE_CODE = YES;
				CLANG_WARN__DUPLICATE_METHOD_MATCH = YES;
				"CODE_SIGN_IDENTITY[sdk=iphoneos*]" = "iPhone Developer";
				COPY_PHASE_STRIP = NO;
				DEBUG_INFORMATION_FORMAT = "dwarf-with-dsym";
				ENABLE_STRICT_OBJC_MSGSEND = YES;
				GCC_C_LANGUAGE_STANDARD = gnu99;
				GCC_DYNAMIC_NO_PIC = NO;
				GCC_NO_COMMON_BLOCKS = YES;
				GCC_OPTIMIZATION_LEVEL = 0;
				GCC_PREPROCESSOR_DEFINITIONS = (
					"DEBUG=1",
					"$(inherited)",
				);
				GCC_SYMBOLS_PRIVATE_EXTERN = NO;
				GCC_WARN_64_TO_32_BIT_CONVERSION = YES;
				GCC_WARN_ABOUT_RETURN_TYPE = YES_ERROR;
				GCC_WARN_UNDECLARED_SELECTOR = YES;
				GCC_WARN_UNINITIALIZED_AUTOS = YES_AGGRESSIVE;
				GCC_WARN_UNUSED_FUNCTION = YES;
				GCC_WARN_UNUSED_VARIABLE = YES;
				IPHONEOS_DEPLOYMENT_TARGET = 8.3;
				MTL_ENABLE_DEBUG_INFO = YES;
				ONLY_ACTIVE_ARCH = YES;
				SDKROOT = iphoneos;
				SWIFT_OPTIMIZATION_LEVEL = "-Onone";
				TARGETED_DEVICE_FAMILY = "1,2";
			};
			name = Debug;
		};
		427347741AF1979A00F463D0 /* Release */ = {
			isa = XCBuildConfiguration;
			buildSettings = {
				ALWAYS_SEARCH_USER_PATHS = NO;
				CLANG_CXX_LANGUAGE_STANDARD = "gnu++0x";
				CLANG_CXX_LIBRARY = "libc++";
				CLANG_ENABLE_MODULES = YES;
				CLANG_ENABLE_OBJC_ARC = YES;
				CLANG_WARN_BOOL_CONVERSION = YES;
				CLANG_WARN_CONSTANT_CONVERSION = YES;
				CLANG_WARN_DIRECT_OBJC_ISA_USAGE = YES_ERROR;
				CLANG_WARN_EMPTY_BODY = YES;
				CLANG_WARN_ENUM_CONVERSION = YES;
				CLANG_WARN_INT_CONVERSION = YES;
				CLANG_WARN_OBJC_ROOT_CLASS = YES_ERROR;
				CLANG_WARN_UNREACHABLE_CODE = YES;
				CLANG_WARN__DUPLICATE_METHOD_MATCH = YES;
				"CODE_SIGN_IDENTITY[sdk=iphoneos*]" = "iPhone Developer";
				COPY_PHASE_STRIP = NO;
				DEBUG_INFORMATION_FORMAT = "dwarf-with-dsym";
				ENABLE_NS_ASSERTIONS = NO;
				ENABLE_STRICT_OBJC_MSGSEND = YES;
				GCC_C_LANGUAGE_STANDARD = gnu99;
				GCC_NO_COMMON_BLOCKS = YES;
				GCC_WARN_64_TO_32_BIT_CONVERSION = YES;
				GCC_WARN_ABOUT_RETURN_TYPE = YES_ERROR;
				GCC_WARN_UNDECLARED_SELECTOR = YES;
				GCC_WARN_UNINITIALIZED_AUTOS = YES_AGGRESSIVE;
				GCC_WARN_UNUSED_FUNCTION = YES;
				GCC_WARN_UNUSED_VARIABLE = YES;
				IPHONEOS_DEPLOYMENT_TARGET = 8.3;
				MTL_ENABLE_DEBUG_INFO = NO;
				SDKROOT = iphoneos;
				TARGETED_DEVICE_FAMILY = "1,2";
				VALIDATE_PRODUCT = YES;
			};
			name = Release;
		};
		427347761AF1979A00F463D0 /* Debug */ = {
			isa = XCBuildConfiguration;
			buildSettings = {
				ASSETCATALOG_COMPILER_APPICON_NAME = AppIcon;
				INFOPLIST_FILE = Orbit/Info.plist;
				LD_RUNPATH_SEARCH_PATHS = "$(inherited) @executable_path/Frameworks";
				PRODUCT_NAME = "$(TARGET_NAME)";
			};
			name = Debug;
		};
		427347771AF1979A00F463D0 /* Release */ = {
			isa = XCBuildConfiguration;
			buildSettings = {
				ASSETCATALOG_COMPILER_APPICON_NAME = AppIcon;
				INFOPLIST_FILE = Orbit/Info.plist;
				LD_RUNPATH_SEARCH_PATHS = "$(inherited) @executable_path/Frameworks";
				PRODUCT_NAME = "$(TARGET_NAME)";
			};
			name = Release;
		};
		427347791AF1979A00F463D0 /* Debug */ = {
			isa = XCBuildConfiguration;
			buildSettings = {
				BUNDLE_LOADER = "$(TEST_HOST)";
				FRAMEWORK_SEARCH_PATHS = (
					"$(SDKROOT)/Developer/Library/Frameworks",
					"$(inherited)",
				);
				GCC_PREPROCESSOR_DEFINITIONS = (
					"DEBUG=1",
					"$(inherited)",
				);
				INFOPLIST_FILE = OrbitTests/Info.plist;
				LD_RUNPATH_SEARCH_PATHS = "$(inherited) @executable_path/Frameworks @loader_path/Frameworks";
				PRODUCT_NAME = "$(TARGET_NAME)";
				TEST_HOST = "$(BUILT_PRODUCTS_DIR)/Orbit.app/Orbit";
			};
			name = Debug;
		};
		4273477A1AF1979A00F463D0 /* Release */ = {
			isa = XCBuildConfiguration;
			buildSettings = {
				BUNDLE_LOADER = "$(TEST_HOST)";
				FRAMEWORK_SEARCH_PATHS = (
					"$(SDKROOT)/Developer/Library/Frameworks",
					"$(inherited)",
				);
				INFOPLIST_FILE = OrbitTests/Info.plist;
				LD_RUNPATH_SEARCH_PATHS = "$(inherited) @executable_path/Frameworks @loader_path/Frameworks";
				PRODUCT_NAME = "$(TARGET_NAME)";
				TEST_HOST = "$(BUILT_PRODUCTS_DIR)/Orbit.app/Orbit";
			};
			name = Release;
		};
/* End XCBuildConfiguration section */

/* Begin XCConfigurationList section */
		427347511AF1979A00F463D0 /* Build configuration list for PBXProject "Orbit" */ = {
			isa = XCConfigurationList;
			buildConfigurations = (
				427347731AF1979A00F463D0 /* Debug */,
				427347741AF1979A00F463D0 /* Release */,
			);
			defaultConfigurationIsVisible = 0;
			defaultConfigurationName = Release;
		};
		427347751AF1979A00F463D0 /* Build configuration list for PBXNativeTarget "Orbit" */ = {
			isa = XCConfigurationList;
			buildConfigurations = (
				427347761AF1979A00F463D0 /* Debug */,
				427347771AF1979A00F463D0 /* Release */,
			);
			defaultConfigurationIsVisible = 0;
		};
		427347781AF1979A00F463D0 /* Build configuration list for PBXNativeTarget "OrbitTests" */ = {
			isa = XCConfigurationList;
			buildConfigurations = (
				427347791AF1979A00F463D0 /* Debug */,
				4273477A1AF1979A00F463D0 /* Release */,
			);
			defaultConfigurationIsVisible = 0;
		};
/* End XCConfigurationList section */
	};
	rootObject = 4273474E1AF1979A00F463D0 /* Project object */;
}
